
Microsoft Visual Studio Solution File, Format Version 12.00
# Visual Studio 15
VisualStudioVersion = 15.0.27130.2010
MinimumVisualStudioVersion = 10.0.40219.1
Project("{8BC9CEB8-8B4A-11D0-8D11-00A0C91BC942}") = "nfs41_driver", "nfs41_driver\nfs41_driver.vcxproj", "{987B0356-4F22-40CC-A419-863CAB5FF702}"
EndProject
Project("{8BC9CEB8-8B4A-11D0-8D11-00A0C91BC942}") = "nfs41_np", "nfs41_np\nfs41_np.vcxproj", "{D8935DAE-8F8A-4B0F-A91D-B5CA22F0D5A7}"
EndProject
Project("{8BC9CEB8-8B4A-11D0-8D11-00A0C91BC942}") = "nfs41_driver_install", "nfs41_driver_install\nfs41_driver_install.vcxproj", "{E17C74DB-3D46-4656-B9B7-EB22C79D7AFC}"
EndProject
Global
	GlobalSection(SolutionConfigurationPlatforms) = preSolution
		Debug|ARM = Debug|ARM
		Debug|ARM64 = Debug|ARM64
		Debug|x64 = Debug|x64
		Debug|x86 = Debug|x86
		Release|ARM = Release|ARM
		Release|ARM64 = Release|ARM64
		Release|x64 = Release|x64
		Release|x86 = Release|x86
	EndGlobalSection
	GlobalSection(ProjectConfigurationPlatforms) = postSolution
		{987B0356-4F22-40CC-A419-863CAB5FF702}.Debug|ARM.ActiveCfg = Debug|Win32
		{987B0356-4F22-40CC-A419-863CAB5FF702}.Debug|ARM64.ActiveCfg = Debug|Win32
		{987B0356-4F22-40CC-A419-863CAB5FF702}.Debug|x64.ActiveCfg = Debug|x64
		{987B0356-4F22-40CC-A419-863CAB5FF702}.Debug|x64.Build.0 = Debug|x64
		{987B0356-4F22-40CC-A419-863CAB5FF702}.Debug|x64.Deploy.0 = Debug|x64
		{987B0356-4F22-40CC-A419-863CAB5FF702}.Debug|x86.ActiveCfg = Debug|Win32
		{987B0356-4F22-40CC-A419-863CAB5FF702}.Debug|x86.Build.0 = Debug|Win32
		{987B0356-4F22-40CC-A419-863CAB5FF702}.Debug|x86.Deploy.0 = Debug|Win32
		{987B0356-4F22-40CC-A419-863CAB5FF702}.Release|ARM.ActiveCfg = Release|Win32
		{987B0356-4F22-40CC-A419-863CAB5FF702}.Release|ARM64.ActiveCfg = Release|Win32
		{987B0356-4F22-40CC-A419-863CAB5FF702}.Release|x64.ActiveCfg = Release|x64
		{987B0356-4F22-40CC-A419-863CAB5FF702}.Release|x64.Build.0 = Release|x64
		{987B0356-4F22-40CC-A419-863CAB5FF702}.Release|x64.Deploy.0 = Release|x64
		{987B0356-4F22-40CC-A419-863CAB5FF702}.Release|x86.ActiveCfg = Release|Win32
		{987B0356-4F22-40CC-A419-863CAB5FF702}.Release|x86.Build.0 = Release|Win32
		{987B0356-4F22-40CC-A419-863CAB5FF702}.Release|x86.Deploy.0 = Release|Win32
		{D8935DAE-8F8A-4B0F-A91D-B5CA22F0D5A7}.Debug|ARM.ActiveCfg = Debug|Win32
		{D8935DAE-8F8A-4B0F-A91D-B5CA22F0D5A7}.Debug|ARM64.ActiveCfg = Debug|Win32
		{D8935DAE-8F8A-4B0F-A91D-B5CA22F0D5A7}.Debug|x64.ActiveCfg = Debug|x64
		{D8935DAE-8F8A-4B0F-A91D-B5CA22F0D5A7}.Debug|x64.Build.0 = Debug|x64
		{D8935DAE-8F8A-4B0F-A91D-B5CA22F0D5A7}.Debug|x86.ActiveCfg = Debug|Win32
		{D8935DAE-8F8A-4B0F-A91D-B5CA22F0D5A7}.Debug|x86.Build.0 = Debug|Win32
		{D8935DAE-8F8A-4B0F-A91D-B5CA22F0D5A7}.Release|ARM.ActiveCfg = Release|Win32
		{D8935DAE-8F8A-4B0F-A91D-B5CA22F0D5A7}.Release|ARM64.ActiveCfg = Release|Win32
		{D8935DAE-8F8A-4B0F-A91D-B5CA22F0D5A7}.Release|x64.ActiveCfg = Release|x64
		{D8935DAE-8F8A-4B0F-A91D-B5CA22F0D5A7}.Release|x64.Build.0 = Release|x64
		{D8935DAE-8F8A-4B0F-A91D-B5CA22F0D5A7}.Release|x86.ActiveCfg = Release|Win32
		{D8935DAE-8F8A-4B0F-A91D-B5CA22F0D5A7}.Release|x86.Build.0 = Release|Win32
		{E17C74DB-3D46-4656-B9B7-EB22C79D7AFC}.Debug|ARM.ActiveCfg = Debug|ARM
		{E17C74DB-3D46-4656-B9B7-EB22C79D7AFC}.Debug|ARM.Build.0 = Debug|ARM
		{E17C74DB-3D46-4656-B9B7-EB22C79D7AFC}.Debug|ARM.Deploy.0 = Debug|ARM
		{E17C74DB-3D46-4656-B9B7-EB22C79D7AFC}.Debug|ARM64.ActiveCfg = Debug|ARM64
		{E17C74DB-3D46-4656-B9B7-EB22C79D7AFC}.Debug|ARM64.Build.0 = Debug|ARM64
		{E17C74DB-3D46-4656-B9B7-EB22C79D7AFC}.Debug|ARM64.Deploy.0 = Debug|ARM64
		{E17C74DB-3D46-4656-B9B7-EB22C79D7AFC}.Debug|x64.ActiveCfg = Debug|x64
		{E17C74DB-3D46-4656-B9B7-EB22C79D7AFC}.Debug|x64.Build.0 = Debug|x64
		{E17C74DB-3D46-4656-B9B7-EB22C79D7AFC}.Debug|x64.Deploy.0 = Debug|x64
		{E17C74DB-3D46-4656-B9B7-EB22C79D7AFC}.Debug|x86.ActiveCfg = Debug|Win32
		{E17C74DB-3D46-4656-B9B7-EB22C79D7AFC}.Debug|x86.Build.0 = Debug|Win32
		{E17C74DB-3D46-4656-B9B7-EB22C79D7AFC}.Debug|x86.Deploy.0 = Debug|Win32
		{E17C74DB-3D46-4656-B9B7-EB22C79D7AFC}.Release|ARM.ActiveCfg = Release|ARM
		{E17C74DB-3D46-4656-B9B7-EB22C79D7AFC}.Release|ARM.Build.0 = Release|ARM
		{E17C74DB-3D46-4656-B9B7-EB22C79D7AFC}.Release|ARM.Deploy.0 = Release|ARM
		{E17C74DB-3D46-4656-B9B7-EB22C79D7AFC}.Release|ARM64.ActiveCfg = Release|ARM64
		{E17C74DB-3D46-4656-B9B7-EB22C79D7AFC}.Release|ARM64.Build.0 = Release|ARM64
		{E17C74DB-3D46-4656-B9B7-EB22C79D7AFC}.Release|ARM64.Deploy.0 = Release|ARM64
		{E17C74DB-3D46-4656-B9B7-EB22C79D7AFC}.Release|x64.ActiveCfg = Release|x64
		{E17C74DB-3D46-4656-B9B7-EB22C79D7AFC}.Release|x64.Build.0 = Release|x64
		{E17C74DB-3D46-4656-B9B7-EB22C79D7AFC}.Release|x64.Deploy.0 = Release|x64
		{E17C74DB-3D46-4656-B9B7-EB22C79D7AFC}.Release|x86.ActiveCfg = Release|Win32
		{E17C74DB-3D46-4656-B9B7-EB22C79D7AFC}.Release|x86.Build.0 = Release|Win32
		{E17C74DB-3D46-4656-B9B7-EB22C79D7AFC}.Release|x86.Deploy.0 = Release|Win32
	EndGlobalSection
	GlobalSection(SolutionProperties) = preSolution
		HideSolutionNode = FALSE
	EndGlobalSection
	GlobalSection(ExtensibilityGlobals) = postSolution
		SolutionGuid = {06D5DB76-F709-45CB-8037-56457C87AA51}
	EndGlobalSection
EndGlobal
